
Microsoft Visual Studio Solution File, Format Version 12.00
# Visual Studio Version 16
VisualStudioVersion = 16.0.32428.217
MinimumVisualStudioVersion = 10.0.40219.1
Project("{8BC9CEB8-8B4A-11D0-8D11-00A0C91BC942}") = "Semaforo", "Semaforo\Semaforo.vcxproj", "{ADFB2A78-7692-4C1D-BA54-544DBC901633}"
EndProject
Project("{8BC9CEB8-8B4A-11D0-8D11-00A0C91BC942}") = "Interfaz", "Interfaz\Interfaz.vcxproj", "{E94C9755-5189-3549-8308-B844430246AF}"
EndProject
Global
	GlobalSection(SolutionConfigurationPlatforms) = preSolution
		Debug|x64 = Debug|x64
		Debug|x86 = Debug|x86
		Release|x64 = Release|x64
		Release|x86 = Release|x86
	EndGlobalSection
	GlobalSection(ProjectConfigurationPlatforms) = postSolution
		{ADFB2A78-7692-4C1D-BA54-544DBC901633}.Debug|x64.ActiveCfg = Debug|x64
		{ADFB2A78-7692-4C1D-BA54-544DBC901633}.Debug|x64.Build.0 = Debug|x64
		{ADFB2A78-7692-4C1D-BA54-544DBC901633}.Debug|x86.ActiveCfg = Debug|Win32
		{ADFB2A78-7692-4C1D-BA54-544DBC901633}.Debug|x86.Build.0 = Debug|Win32
		{ADFB2A78-7692-4C1D-BA54-544DBC901633}.Release|x64.ActiveCfg = Release|x64
		{ADFB2A78-7692-4C1D-BA54-544DBC901633}.Release|x64.Build.0 = Release|x64
		{ADFB2A78-7692-4C1D-BA54-544DBC901633}.Release|x86.ActiveCfg = Release|Win32
		{ADFB2A78-7692-4C1D-BA54-544DBC901633}.Release|x86.Build.0 = Release|Win32
		{E94C9755-5189-3549-8308-B844430246AF}.Debug|x64.ActiveCfg = Debug|x64
		{E94C9755-5189-3549-8308-B844430246AF}.Debug|x64.Build.0 = Debug|x64
		{E94C9755-5189-3549-8308-B844430246AF}.Debug|x86.ActiveCfg = Debug|x64
		{E94C9755-5189-3549-8308-B844430246AF}.Release|x64.ActiveCfg = Release|x64
		{E94C9755-5189-3549-8308-B844430246AF}.Release|x64.Build.0 = Release|x64
		{E94C9755-5189-3549-8308-B844430246AF}.Release|x86.ActiveCfg = Release|x64
	EndGlobalSection
	GlobalSection(SolutionProperties) = preSolution
		HideSolutionNode = FALSE
	EndGlobalSection
	GlobalSection(ExtensibilityGlobals) = postSolution
		SolutionGuid = {D69E17D0-A153-406F-AE33-CAE41C87C127}
	EndGlobalSection
EndGlobal
